
Microsoft Visual Studio Solution File, Format Version 12.00
Project("{2150E333-8FDC-42A3-9474-1A3956D46DE8}") = "Backend", "Backend", "{B9BA52E6-3E72-41E1-A1F6-8883F8ED74B1}"
EndProject
Project("{FAE04EC0-301F-11D3-BF4B-00C04F79EFBC}") = "Dal", "Dal\Dal.csproj", "{D4DAFBDB-F1A5-4058-9F54-A53C51F198EB}"
EndProject
Project("{FAE04EC0-301F-11D3-BF4B-00C04F79EFBC}") = "Workers", "Workers\Workers.csproj", "{38814280-C8B1-4DCA-984C-1394181F4EE0}"
EndProject
Project("{FAE04EC0-301F-11D3-BF4B-00C04F79EFBC}") = "Domain", "Domain\Domain.csproj", "{7A88DAA1-A738-4926-A74C-39DEF117E9F2}"
EndProject
Project("{FAE04EC0-301F-11D3-BF4B-00C04F79EFBC}") = "Api", "Api\Api.csproj", "{EB7F4DC8-7279-4E79-AECB-ADA135152EFD}"
EndProject
Project("{FAE04EC0-301F-11D3-BF4B-00C04F79EFBC}") = "Contracts", "Contracts\Contracts.csproj", "{A5210458-DEC4-42E7-87F8-5F9C9E85E598}"
EndProject
Global
	GlobalSection(SolutionConfigurationPlatforms) = preSolution
		Debug|Any CPU = Debug|Any CPU
		Release|Any CPU = Release|Any CPU
	EndGlobalSection
	GlobalSection(ProjectConfigurationPlatforms) = postSolution
		{D4DAFBDB-F1A5-4058-9F54-A53C51F198EB}.Debug|Any CPU.ActiveCfg = Debug|Any CPU
		{D4DAFBDB-F1A5-4058-9F54-A53C51F198EB}.Debug|Any CPU.Build.0 = Debug|Any CPU
		{D4DAFBDB-F1A5-4058-9F54-A53C51F198EB}.Release|Any CPU.ActiveCfg = Release|Any CPU
		{D4DAFBDB-F1A5-4058-9F54-A53C51F198EB}.Release|Any CPU.Build.0 = Release|Any CPU
		{38814280-C8B1-4DCA-984C-1394181F4EE0}.Debug|Any CPU.ActiveCfg = Debug|Any CPU
		{38814280-C8B1-4DCA-984C-1394181F4EE0}.Debug|Any CPU.Build.0 = Debug|Any CPU
		{38814280-C8B1-4DCA-984C-1394181F4EE0}.Release|Any CPU.ActiveCfg = Release|Any CPU
		{38814280-C8B1-4DCA-984C-1394181F4EE0}.Release|Any CPU.Build.0 = Release|Any CPU
		{7A88DAA1-A738-4926-A74C-39DEF117E9F2}.Debug|Any CPU.ActiveCfg = Debug|Any CPU
		{7A88DAA1-A738-4926-A74C-39DEF117E9F2}.Debug|Any CPU.Build.0 = Debug|Any CPU
		{7A88DAA1-A738-4926-A74C-39DEF117E9F2}.Release|Any CPU.ActiveCfg = Release|Any CPU
		{7A88DAA1-A738-4926-A74C-39DEF117E9F2}.Release|Any CPU.Build.0 = Release|Any CPU
		{EB7F4DC8-7279-4E79-AECB-ADA135152EFD}.Debug|Any CPU.ActiveCfg = Debug|Any CPU
		{EB7F4DC8-7279-4E79-AECB-ADA135152EFD}.Debug|Any CPU.Build.0 = Debug|Any CPU
		{EB7F4DC8-7279-4E79-AECB-ADA135152EFD}.Release|Any CPU.ActiveCfg = Release|Any CPU
		{EB7F4DC8-7279-4E79-AECB-ADA135152EFD}.Release|Any CPU.Build.0 = Release|Any CPU
		{A5210458-DEC4-42E7-87F8-5F9C9E85E598}.Debug|Any CPU.ActiveCfg = Debug|Any CPU
		{A5210458-DEC4-42E7-87F8-5F9C9E85E598}.Debug|Any CPU.Build.0 = Debug|Any CPU
		{A5210458-DEC4-42E7-87F8-5F9C9E85E598}.Release|Any CPU.ActiveCfg = Release|Any CPU
		{A5210458-DEC4-42E7-87F8-5F9C9E85E598}.Release|Any CPU.Build.0 = Release|Any CPU
	EndGlobalSection
	GlobalSection(NestedProjects) = preSolution
		{D4DAFBDB-F1A5-4058-9F54-A53C51F198EB} = {B9BA52E6-3E72-41E1-A1F6-8883F8ED74B1}
		{38814280-C8B1-4DCA-984C-1394181F4EE0} = {B9BA52E6-3E72-41E1-A1F6-8883F8ED74B1}
		{7A88DAA1-A738-4926-A74C-39DEF117E9F2} = {B9BA52E6-3E72-41E1-A1F6-8883F8ED74B1}
		{EB7F4DC8-7279-4E79-AECB-ADA135152EFD} = {B9BA52E6-3E72-41E1-A1F6-8883F8ED74B1}
		{A5210458-DEC4-42E7-87F8-5F9C9E85E598} = {B9BA52E6-3E72-41E1-A1F6-8883F8ED74B1}
	EndGlobalSection
EndGlobal
